
Microsoft Visual Studio Solution File, Format Version 12.00
# Visual Studio Version 16
VisualStudioVersion = 16.0.31424.327
MinimumVisualStudioVersion = 10.0.40219.1
Project("{2150E333-8FDC-42A3-9474-1A3956D46DE8}") = "Application", "Application", "{7E76C7EC-8237-403F-82C8-0C881DBA1D29}"
EndProject
Project("{9A19103F-16F7-4668-BE54-9A1E7A4F7556}") = "SoccerAPI", "Application\SoccerAPI\SoccerAPI.csproj", "{C8D853E4-77B6-4EF9-A011-BFAFBC8C5CF2}"
EndProject
Project("{2150E333-8FDC-42A3-9474-1A3956D46DE8}") = "Database", "Database", "{3BD8913D-3E1B-47C9-90CB-3FF17D7689DE}"
EndProject
Project("{9A19103F-16F7-4668-BE54-9A1E7A4F7556}") = "SoccerAPI.Database", "Database\SoccerAPI.Database\SoccerAPI.Database.csproj", "{1BF9281A-0E4F-4914-9604-FFBCE07A3E06}"
EndProject
Project("{9A19103F-16F7-4668-BE54-9A1E7A4F7556}") = "SoccerAPI.Database.Models", "Database\SoccerAPI.Database.Models\SoccerAPI.Database.Models.csproj", "{A1489860-5CD5-414B-B927-2C11F13BD25F}"
EndProject
Project("{9A19103F-16F7-4668-BE54-9A1E7A4F7556}") = "SoccerAPI.Services", "Application\SoccerAPI.Services\SoccerAPI.Services.csproj", "{FD1D831B-06B2-4B4A-9815-77CA6FC4601B}"
EndProject
Project("{9A19103F-16F7-4668-BE54-9A1E7A4F7556}") = "SoccerAPI.DTOs", "Application\SoccerAPI.DTOs\SoccerAPI.DTOs.csproj", "{0EBA6CC0-EA81-4B82-9DAE-4F627FBE2EB3}"
EndProject
Project("{2150E333-8FDC-42A3-9474-1A3956D46DE8}") = "Common", "Common", "{AEE2F790-BDD8-4C94-AAED-0A1053E06748}"
EndProject
Project("{9A19103F-16F7-4668-BE54-9A1E7A4F7556}") = "SoccerAPI.Common", "Common\SoccerAPI.Common\SoccerAPI.Common.csproj", "{D8697EB8-6A45-4805-A756-D8D3C59534D0}"
EndProject
Project("{9A19103F-16F7-4668-BE54-9A1E7A4F7556}") = "SoccerAPI.Database.Seed", "Database\SoccerAPI.Database.Seed\SoccerAPI.Database.Seed\SoccerAPI.Database.Seed.csproj", "{3B48E3CC-1DF4-47FB-BF1F-1551AAAAAD2A}"
EndProject
Project("{FAE04EC0-301F-11D3-BF4B-00C04F79EFBC}") = "SoccerAPI.Validator", "Common\SoccerAPI.Validator\SoccerAPI.Validator\SoccerAPI.Validator.csproj", "{4C104DEA-4C96-4199-83ED-ABEBC8A4FDCB}"
EndProject
Global
	GlobalSection(SolutionConfigurationPlatforms) = preSolution
		Debug|Any CPU = Debug|Any CPU
		Release|Any CPU = Release|Any CPU
	EndGlobalSection
	GlobalSection(ProjectConfigurationPlatforms) = postSolution
		{C8D853E4-77B6-4EF9-A011-BFAFBC8C5CF2}.Debug|Any CPU.ActiveCfg = Debug|Any CPU
		{C8D853E4-77B6-4EF9-A011-BFAFBC8C5CF2}.Debug|Any CPU.Build.0 = Debug|Any CPU
		{C8D853E4-77B6-4EF9-A011-BFAFBC8C5CF2}.Release|Any CPU.ActiveCfg = Release|Any CPU
		{C8D853E4-77B6-4EF9-A011-BFAFBC8C5CF2}.Release|Any CPU.Build.0 = Release|Any CPU
		{1BF9281A-0E4F-4914-9604-FFBCE07A3E06}.Debug|Any CPU.ActiveCfg = Debug|Any CPU
		{1BF9281A-0E4F-4914-9604-FFBCE07A3E06}.Debug|Any CPU.Build.0 = Debug|Any CPU
		{1BF9281A-0E4F-4914-9604-FFBCE07A3E06}.Release|Any CPU.ActiveCfg = Release|Any CPU
		{1BF9281A-0E4F-4914-9604-FFBCE07A3E06}.Release|Any CPU.Build.0 = Release|Any CPU
		{A1489860-5CD5-414B-B927-2C11F13BD25F}.Debug|Any CPU.ActiveCfg = Debug|Any CPU
		{A1489860-5CD5-414B-B927-2C11F13BD25F}.Debug|Any CPU.Build.0 = Debug|Any CPU
		{A1489860-5CD5-414B-B927-2C11F13BD25F}.Release|Any CPU.ActiveCfg = Release|Any CPU
		{A1489860-5CD5-414B-B927-2C11F13BD25F}.Release|Any CPU.Build.0 = Release|Any CPU
		{FD1D831B-06B2-4B4A-9815-77CA6FC4601B}.Debug|Any CPU.ActiveCfg = Debug|Any CPU
		{FD1D831B-06B2-4B4A-9815-77CA6FC4601B}.Debug|Any CPU.Build.0 = Debug|Any CPU
		{FD1D831B-06B2-4B4A-9815-77CA6FC4601B}.Release|Any CPU.ActiveCfg = Release|Any CPU
		{FD1D831B-06B2-4B4A-9815-77CA6FC4601B}.Release|Any CPU.Build.0 = Release|Any CPU
		{0EBA6CC0-EA81-4B82-9DAE-4F627FBE2EB3}.Debug|Any CPU.ActiveCfg = Debug|Any CPU
		{0EBA6CC0-EA81-4B82-9DAE-4F627FBE2EB3}.Debug|Any CPU.Build.0 = Debug|Any CPU
		{0EBA6CC0-EA81-4B82-9DAE-4F627FBE2EB3}.Release|Any CPU.ActiveCfg = Release|Any CPU
		{0EBA6CC0-EA81-4B82-9DAE-4F627FBE2EB3}.Release|Any CPU.Build.0 = Release|Any CPU
		{D8697EB8-6A45-4805-A756-D8D3C59534D0}.Debug|Any CPU.ActiveCfg = Debug|Any CPU
		{D8697EB8-6A45-4805-A756-D8D3C59534D0}.Debug|Any CPU.Build.0 = Debug|Any CPU
		{D8697EB8-6A45-4805-A756-D8D3C59534D0}.Release|Any CPU.ActiveCfg = Release|Any CPU
		{D8697EB8-6A45-4805-A756-D8D3C59534D0}.Release|Any CPU.Build.0 = Release|Any CPU
		{3B48E3CC-1DF4-47FB-BF1F-1551AAAAAD2A}.Debug|Any CPU.ActiveCfg = Debug|Any CPU
		{3B48E3CC-1DF4-47FB-BF1F-1551AAAAAD2A}.Debug|Any CPU.Build.0 = Debug|Any CPU
		{3B48E3CC-1DF4-47FB-BF1F-1551AAAAAD2A}.Release|Any CPU.ActiveCfg = Release|Any CPU
		{3B48E3CC-1DF4-47FB-BF1F-1551AAAAAD2A}.Release|Any CPU.Build.0 = Release|Any CPU
		{4C104DEA-4C96-4199-83ED-ABEBC8A4FDCB}.Debug|Any CPU.ActiveCfg = Debug|Any CPU
		{4C104DEA-4C96-4199-83ED-ABEBC8A4FDCB}.Debug|Any CPU.Build.0 = Debug|Any CPU
		{4C104DEA-4C96-4199-83ED-ABEBC8A4FDCB}.Release|Any CPU.ActiveCfg = Release|Any CPU
		{4C104DEA-4C96-4199-83ED-ABEBC8A4FDCB}.Release|Any CPU.Build.0 = Release|Any CPU
	EndGlobalSection
	GlobalSection(SolutionProperties) = preSolution
		HideSolutionNode = FALSE
	EndGlobalSection
	GlobalSection(NestedProjects) = preSolution
		{C8D853E4-77B6-4EF9-A011-BFAFBC8C5CF2} = {7E76C7EC-8237-403F-82C8-0C881DBA1D29}
		{1BF9281A-0E4F-4914-9604-FFBCE07A3E06} = {3BD8913D-3E1B-47C9-90CB-3FF17D7689DE}
		{A1489860-5CD5-414B-B927-2C11F13BD25F} = {3BD8913D-3E1B-47C9-90CB-3FF17D7689DE}
		{FD1D831B-06B2-4B4A-9815-77CA6FC4601B} = {7E76C7EC-8237-403F-82C8-0C881DBA1D29}
		{0EBA6CC0-EA81-4B82-9DAE-4F627FBE2EB3} = {7E76C7EC-8237-403F-82C8-0C881DBA1D29}
		{D8697EB8-6A45-4805-A756-D8D3C59534D0} = {AEE2F790-BDD8-4C94-AAED-0A1053E06748}
		{3B48E3CC-1DF4-47FB-BF1F-1551AAAAAD2A} = {3BD8913D-3E1B-47C9-90CB-3FF17D7689DE}
		{4C104DEA-4C96-4199-83ED-ABEBC8A4FDCB} = {AEE2F790-BDD8-4C94-AAED-0A1053E06748}
	EndGlobalSection
	GlobalSection(ExtensibilityGlobals) = postSolution
		SolutionGuid = {0B3F0956-102E-4D07-B45C-987FA4C611C4}
	EndGlobalSection
EndGlobal
